# THIS IS AN AUTOGENERATED FILE. DO NOT EDIT THIS FILE DIRECTLY.
# yarn lockfile v1


core-js@^3.30.0:
  version "3.30.0"
  resolved "https://registry.yarnpkg.com/core-js/-/core-js-3.30.0.tgz#64ac6f83bc7a49fd42807327051701d4b1478dea"
  integrity sha512-hQotSSARoNh1mYPi9O2YaWeiq/cEB95kOrFb4NCrO4RIFt1qqNpKsaE+vy/L3oiqvND5cThqXzUU3r9F7Efztg==
